
Microsoft Visual Studio Solution File, Format Version 12.00
# Visual Studio Version 17
VisualStudioVersion = 17.10.35122.118
MinimumVisualStudioVersion = 10.0.40219.1
Project("{FAE04EC0-301F-11D3-BF4B-00C04F79EFBC}") = "DynamicMapping", "DynamicMapping\DynamicMapping.csproj", "{71231BD1-80D3-40AF-8DC7-2B9D73DA2F53}"
EndProject
Global
	GlobalSection(SolutionConfigurationPlatforms) = preSolution
		Debug|Any CPU = Debug|Any CPU
		Release|Any CPU = Release|Any CPU
	EndGlobalSection
	GlobalSection(ProjectConfigurationPlatforms) = postSolution
		{71231BD1-80D3-40AF-8DC7-2B9D73DA2F53}.Debug|Any CPU.ActiveCfg = Debug|Any CPU
		{71231BD1-80D3-40AF-8DC7-2B9D73DA2F53}.Debug|Any CPU.Build.0 = Debug|Any CPU
		{71231BD1-80D3-40AF-8DC7-2B9D73DA2F53}.Release|Any CPU.ActiveCfg = Release|Any CPU
		{71231BD1-80D3-40AF-8DC7-2B9D73DA2F53}.Release|Any CPU.Build.0 = Release|Any CPU
	EndGlobalSection
	GlobalSection(SolutionProperties) = preSolution
		HideSolutionNode = FALSE
	EndGlobalSection
	GlobalSection(ExtensibilityGlobals) = postSolution
		SolutionGuid = {67E71CE3-9058-4DA3-A51C-B9FFE917D76B}
	EndGlobalSection
EndGlobal
